
Microsoft Visual Studio Solution File, Format Version 12.00
# Visual Studio Version 17
VisualStudioVersion = 17.2.32526.322
MinimumVisualStudioVersion = 10.0.40219.1
Project("{FAE04EC0-301F-11D3-BF4B-00C04F79EFBC}") = "BookOfShadows", "BookOfShadows\BookOfShadows.csproj", "{BCF7D808-84D4-4E5C-AE6C-D4A6AD520286}"
EndProject
Global
	GlobalSection(SolutionConfigurationPlatforms) = preSolution
		Debug|Any CPU = Debug|Any CPU
		Release|Any CPU = Release|Any CPU
	EndGlobalSection
	GlobalSection(ProjectConfigurationPlatforms) = postSolution
		{BCF7D808-84D4-4E5C-AE6C-D4A6AD520286}.Debug|Any CPU.ActiveCfg = Debug|Any CPU
		{BCF7D808-84D4-4E5C-AE6C-D4A6AD520286}.Debug|Any CPU.Build.0 = Debug|Any CPU
		{BCF7D808-84D4-4E5C-AE6C-D4A6AD520286}.Release|Any CPU.ActiveCfg = Release|Any CPU
		{BCF7D808-84D4-4E5C-AE6C-D4A6AD520286}.Release|Any CPU.Build.0 = Release|Any CPU
	EndGlobalSection
	GlobalSection(SolutionProperties) = preSolution
		HideSolutionNode = FALSE
	EndGlobalSection
	GlobalSection(ExtensibilityGlobals) = postSolution
		SolutionGuid = {A7E6A57B-C06E-4339-95E7-AEBFC38A18B7}
	EndGlobalSection
EndGlobal
